<Solution>
  <Folder Name="/Docs/">
    <File Path="../CHANGELOG.md" />
    <File Path="../README.md" />
  </Folder>
  <Folder Name="/workflows/">
    <File Path="../.github/workflows/dotnet.yml" />
  </Folder>
  <Project Path="Checkpoint.NET.Tests/Checkpoint.NET.Tests.csproj" Id="ecb149be-d957-4349-8d7e-f2fd491bace9" />
  <Project Path="Checkpoint.NET/Checkpoint.NET.csproj" />
</Solution>
